{
  "name": "diff-sync-project",
  "version": "1.0.0",
  "lockfileVersion": 1,
  "requires": true,
  "dependencies": {
    "is-equal": {
      "version": "0.1.0",
      "resolved": "https://registry.npmjs.org/is-equal/-/is-equal-0.1.0.tgz",
      "integrity": "sha1-/Pbg/cncqaTUdouuc7jNqls/q24="
    },
    "jsdiff": {
      "version": "1.1.1",
      "resolved": "https://registry.npmjs.org/jsdiff/-/jsdiff-1.1.1.tgz",
      "integrity": "sha1-6qbnwW259kuXnSj5hvocpFeyIuU=",
      "requires": {
        "is-equal": "~0.1.0"
      }
    }
  }
}
